
Microsoft Visual Studio Solution File, Format Version 12.00
# Visual Studio Version 17
VisualStudioVersion = 17.11.35222.181
MinimumVisualStudioVersion = 10.0.40219.1
Project("{8BC9CEB8-8B4A-11D0-8D11-00A0C91BC942}") = "CLI-Multitasking-OS", "CLI-Multitasking-OS.vcxproj", "{6AEF26D3-CB1E-4C31-9D5A-85A6F3F93DD1}"
EndProject
Global
	GlobalSection(SolutionConfigurationPlatforms) = preSolution
		Debug|x64 = Debug|x64
		Debug|x86 = Debug|x86
		Release|x64 = Release|x64
		Release|x86 = Release|x86
	EndGlobalSection
	GlobalSection(ProjectConfigurationPlatforms) = postSolution
		{6AEF26D3-CB1E-4C31-9D5A-85A6F3F93DD1}.Debug|x64.ActiveCfg = Debug|x64
		{6AEF26D3-CB1E-4C31-9D5A-85A6F3F93DD1}.Debug|x64.Build.0 = Debug|x64
		{6AEF26D3-CB1E-4C31-9D5A-85A6F3F93DD1}.Debug|x86.ActiveCfg = Debug|Win32
		{6AEF26D3-CB1E-4C31-9D5A-85A6F3F93DD1}.Debug|x86.Build.0 = Debug|Win32
		{6AEF26D3-CB1E-4C31-9D5A-85A6F3F93DD1}.Release|x64.ActiveCfg = Release|x64
		{6AEF26D3-CB1E-4C31-9D5A-85A6F3F93DD1}.Release|x64.Build.0 = Release|x64
		{6AEF26D3-CB1E-4C31-9D5A-85A6F3F93DD1}.Release|x86.ActiveCfg = Release|Win32
		{6AEF26D3-CB1E-4C31-9D5A-85A6F3F93DD1}.Release|x86.Build.0 = Release|Win32
	EndGlobalSection
	GlobalSection(SolutionProperties) = preSolution
		HideSolutionNode = FALSE
	EndGlobalSection
	GlobalSection(ExtensibilityGlobals) = postSolution
		SolutionGuid = {A750FE1F-43E5-42B7-85FF-92199D8A817D}
	EndGlobalSection
EndGlobal
